
Microsoft Visual Studio Solution File, Format Version 12.00
# Visual Studio Version 16
VisualStudioVersion = 16.0.28922.388
MinimumVisualStudioVersion = 10.0.40219.1
Project("{FAE04EC0-301F-11D3-BF4B-00C04F79EFBC}") = "BaiscDotNetCore", "BaiscDotNetCore.csproj", "{681E7AD2-BB6C-44AA-9D6F-1941598F4C56}"
EndProject
Global
	GlobalSection(SolutionConfigurationPlatforms) = preSolution
		Debug|Any CPU = Debug|Any CPU
		Release|Any CPU = Release|Any CPU
	EndGlobalSection
	GlobalSection(ProjectConfigurationPlatforms) = postSolution
		{681E7AD2-BB6C-44AA-9D6F-1941598F4C56}.Debug|Any CPU.ActiveCfg = Debug|Any CPU
		{681E7AD2-BB6C-44AA-9D6F-1941598F4C56}.Debug|Any CPU.Build.0 = Debug|Any CPU
		{681E7AD2-BB6C-44AA-9D6F-1941598F4C56}.Release|Any CPU.ActiveCfg = Release|Any CPU
		{681E7AD2-BB6C-44AA-9D6F-1941598F4C56}.Release|Any CPU.Build.0 = Release|Any CPU
	EndGlobalSection
	GlobalSection(SolutionProperties) = preSolution
		HideSolutionNode = FALSE
	EndGlobalSection
	GlobalSection(ExtensibilityGlobals) = postSolution
		SolutionGuid = {0EAB40E5-D0D1-4814-84BD-0D285F1A4130}
	EndGlobalSection
EndGlobal
